dependencies:
- name: minio
  repository: oci://registry-1.docker.io/bitnamicharts
  version: 14.6.10
- name: postgresql
  repository: oci://registry-1.docker.io/bitnamicharts
  version: 15.5.6
digest: sha256:84d13a1ac68dd2c85d43a672cc11e92d1dd6bf47b063eb23c9286ba4bf98f70a
generated: "2024-06-18T20:18:47.155874+08:00"
